
Microsoft Visual Studio Solution File, Format Version 12.00
# Visual Studio 15
VisualStudioVersion = 15.0.28307.106
MinimumVisualStudioVersion = 10.0.40219.1
Project("{9A19103F-16F7-4668-BE54-9A1E7A4F7556}") = "ImageStore", "ImageStore\ImageStore.csproj", "{CBFBB69F-2BE0-42A1-8473-8F36A84B85EB}"
EndProject
Project("{9A19103F-16F7-4668-BE54-9A1E7A4F7556}") = "ImageStoreTest", "ImageStoreTest\ImageStoreTest.csproj", "{9267E441-B461-43D8-A2DA-3E665BD84ED8}"
EndProject
Project("{9A19103F-16F7-4668-BE54-9A1E7A4F7556}") = "VisionCommon", "..\VisionCommon\VisionCommon\VisionCommon.csproj", "{026F644F-A125-407A-A065-841FA9CC56A7}"
EndProject
Global
	GlobalSection(SolutionConfigurationPlatforms) = preSolution
		Debug|Any CPU = Debug|Any CPU
		Release|Any CPU = Release|Any CPU
	EndGlobalSection
	GlobalSection(ProjectConfigurationPlatforms) = postSolution
		{CBFBB69F-2BE0-42A1-8473-8F36A84B85EB}.Debug|Any CPU.ActiveCfg = Debug|Any CPU
		{CBFBB69F-2BE0-42A1-8473-8F36A84B85EB}.Debug|Any CPU.Build.0 = Debug|Any CPU
		{CBFBB69F-2BE0-42A1-8473-8F36A84B85EB}.Release|Any CPU.ActiveCfg = Release|Any CPU
		{CBFBB69F-2BE0-42A1-8473-8F36A84B85EB}.Release|Any CPU.Build.0 = Release|Any CPU
		{9267E441-B461-43D8-A2DA-3E665BD84ED8}.Debug|Any CPU.ActiveCfg = Debug|Any CPU
		{9267E441-B461-43D8-A2DA-3E665BD84ED8}.Debug|Any CPU.Build.0 = Debug|Any CPU
		{9267E441-B461-43D8-A2DA-3E665BD84ED8}.Release|Any CPU.ActiveCfg = Release|Any CPU
		{9267E441-B461-43D8-A2DA-3E665BD84ED8}.Release|Any CPU.Build.0 = Release|Any CPU
		{026F644F-A125-407A-A065-841FA9CC56A7}.Debug|Any CPU.ActiveCfg = Debug|Any CPU
		{026F644F-A125-407A-A065-841FA9CC56A7}.Debug|Any CPU.Build.0 = Debug|Any CPU
		{026F644F-A125-407A-A065-841FA9CC56A7}.Release|Any CPU.ActiveCfg = Release|Any CPU
		{026F644F-A125-407A-A065-841FA9CC56A7}.Release|Any CPU.Build.0 = Release|Any CPU
	EndGlobalSection
	GlobalSection(SolutionProperties) = preSolution
		HideSolutionNode = FALSE
	EndGlobalSection
	GlobalSection(ExtensibilityGlobals) = postSolution
		SolutionGuid = {D27A2B2E-A466-477F-B8D5-9346FFC3B35E}
	EndGlobalSection
EndGlobal
