
Microsoft Visual Studio Solution File, Format Version 12.00
# Visual Studio 15
VisualStudioVersion = 15.0.28307.705
MinimumVisualStudioVersion = 10.0.40219.1
Project("{9A19103F-16F7-4668-BE54-9A1E7A4F7556}") = "VisionRules", "VisionRules\VisionRules.csproj", "{A533ADFB-7A65-454C-ACEF-90F6FDD8FFE9}"
EndProject
Project("{9A19103F-16F7-4668-BE54-9A1E7A4F7556}") = "VisionCommon", "..\VisionCommon\VisionCommon\VisionCommon.csproj", "{0B206244-263B-4F6A-A7DD-9D881121AED8}"
EndProject
Global
	GlobalSection(SolutionConfigurationPlatforms) = preSolution
		Debug|Any CPU = Debug|Any CPU
		Release|Any CPU = Release|Any CPU
	EndGlobalSection
	GlobalSection(ProjectConfigurationPlatforms) = postSolution
		{A533ADFB-7A65-454C-ACEF-90F6FDD8FFE9}.Debug|Any CPU.ActiveCfg = Debug|Any CPU
		{A533ADFB-7A65-454C-ACEF-90F6FDD8FFE9}.Debug|Any CPU.Build.0 = Debug|Any CPU
		{A533ADFB-7A65-454C-ACEF-90F6FDD8FFE9}.Release|Any CPU.ActiveCfg = Release|Any CPU
		{A533ADFB-7A65-454C-ACEF-90F6FDD8FFE9}.Release|Any CPU.Build.0 = Release|Any CPU
		{0B206244-263B-4F6A-A7DD-9D881121AED8}.Debug|Any CPU.ActiveCfg = Debug|Any CPU
		{0B206244-263B-4F6A-A7DD-9D881121AED8}.Debug|Any CPU.Build.0 = Debug|Any CPU
		{0B206244-263B-4F6A-A7DD-9D881121AED8}.Release|Any CPU.ActiveCfg = Release|Any CPU
		{0B206244-263B-4F6A-A7DD-9D881121AED8}.Release|Any CPU.Build.0 = Release|Any CPU
	EndGlobalSection
	GlobalSection(SolutionProperties) = preSolution
		HideSolutionNode = FALSE
	EndGlobalSection
	GlobalSection(ExtensibilityGlobals) = postSolution
		SolutionGuid = {4B39E038-C5A1-4964-868B-9C35CCDFB51F}
	EndGlobalSection
EndGlobal
